{
  "name": "temp",
  "version": "1.0.0",
  "lockfileVersion": 1,
  "requires": true,
  "dependencies": {
    "@openapitools/openapi-generator-cli": {
      "version": "0.0.9-4.0.0-beta3",
      "resolved": "https://registry.npmjs.org/@openapitools/openapi-generator-cli/-/openapi-generator-cli-0.0.9-4.0.0-beta3.tgz",
      "integrity": "sha512-3d1da4EweprB0FzgIbztwpLrRIzh4I0HyhHwNNlkWgDDegPCbUPrQliOYPAsQOqrymXkjsJc8gXv7egMNIZNoA==",
      "dev": true
    },
    "typescript": {
      "version": "3.4.5",
      "resolved": "https://registry.npmjs.org/typescript/-/typescript-3.4.5.tgz",
      "integrity": "sha512-YycBxUb49UUhdNMU5aJ7z5Ej2XGmaIBL0x34vZ82fn3hGvD+bgrMrVDpatgz2f7YxUMJxMkbWxJZeAvDxVe7Vw==",
      "dev": true
    }
  }
}
